Microsoft Visual Studio Solution File, Format Version 12.00
# Visual Studio Version 17
VisualStudioVersion = 17.5.2.0
MinimumVisualStudioVersion = 10.0.40219.1
Project("{FAE04EC0-301F-11D3-BF4B-00C04F79EFBC}") = "D365MetadataService", "ms-api-server\D365MetadataService.csproj", "{C0915EBF-B7B4-3F09-9E09-34A923657EC6}"
EndProject
Global
	GlobalSection(SolutionConfigurationPlatforms) = preSolution
		Debug|Any CPU = Debug|Any CPU
		Release|Any CPU = Release|Any CPU
	EndGlobalSection
	GlobalSection(ProjectConfigurationPlatforms) = postSolution
		{C0915EBF-B7B4-3F09-9E09-34A923657EC6}.Debug|Any CPU.ActiveCfg = Debug|Any CPU
		{C0915EBF-B7B4-3F09-9E09-34A923657EC6}.Debug|Any CPU.Build.0 = Debug|Any CPU
		{C0915EBF-B7B4-3F09-9E09-34A923657EC6}.Release|Any CPU.ActiveCfg = Release|Any CPU
		{C0915EBF-B7B4-3F09-9E09-34A923657EC6}.Release|Any CPU.Build.0 = Release|Any CPU
	EndGlobalSection
	GlobalSection(SolutionProperties) = preSolution
		HideSolutionNode = FALSE
	EndGlobalSection
	GlobalSection(ExtensibilityGlobals) = postSolution
		SolutionGuid = {29D53945-2DD1-4DC5-8E7E-6246B1277008}
	EndGlobalSection
EndGlobal
